
Microsoft Visual Studio Solution File, Format Version 12.00
# Visual Studio 15
VisualStudioVersion = 15.0.27130.2020
MinimumVisualStudioVersion = 10.0.40219.1
Project("{FAE04EC0-301F-11D3-BF4B-00C04F79EFBC}") = "BlogdoAugusto", "BlogdoAugusto\BlogdoAugusto.csproj", "{8870B792-4304-4239-8D77-3DE70D4DEC55}"
EndProject
Global
	GlobalSection(SolutionConfigurationPlatforms) = preSolution
		Debug|Any CPU = Debug|Any CPU
		Release|Any CPU = Release|Any CPU
	EndGlobalSection
	GlobalSection(ProjectConfigurationPlatforms) = postSolution
		{8870B792-4304-4239-8D77-3DE70D4DEC55}.Debug|Any CPU.ActiveCfg = Debug|Any CPU
		{8870B792-4304-4239-8D77-3DE70D4DEC55}.Debug|Any CPU.Build.0 = Debug|Any CPU
		{8870B792-4304-4239-8D77-3DE70D4DEC55}.Release|Any CPU.ActiveCfg = Release|Any CPU
		{8870B792-4304-4239-8D77-3DE70D4DEC55}.Release|Any CPU.Build.0 = Release|Any CPU
	EndGlobalSection
	GlobalSection(SolutionProperties) = preSolution
		HideSolutionNode = FALSE
	EndGlobalSection
	GlobalSection(ExtensibilityGlobals) = postSolution
		SolutionGuid = {B7101D3F-9C9D-4B7C-A3DF-1968EEB8091E}
	EndGlobalSection
EndGlobal
